// !$*UTF8*$!
{
	archiveVersion = 1;
	classes = {
	};
	objectVersion = 56;
	objects = {

/* Begin PBXBuildFile section */
		1A2B3C4D5E6F000000000020 /* CashierAppApp.swift in Sources */ = {isa = PBXBuildFile; fileRef = 1A2B3C4D5E6F000000000010 /* CashierAppApp.swift */; };
		1A2B3C4D5E6F000000000021 /* ContentView.swift in Sources */ = {isa = PBXBuildFile; fileRef = 1A2B3C4D5E6F000000000011 /* ContentView.swift */; };
		1A2B3C4D5E6F000000000022 /* Assets.xcassets in Resources */ = {isa = PBXBuildFile; fileRef = 1A2B3C4D5E6F000000000012 /* Assets.xcassets */; };
		1A2B3C4D5E6F000000000023 /* Product.swift in Sources */ = {isa = PBXBuildFile; fileRef = 1A2B3C4D5E6F000000000013 /* Product.swift */; };
		1A2B3C4D5E6F000000000024 /* CartItem.swift in Sources */ = {isa = PBXBuildFile; fileRef = 1A2B3C4D5E6F000000000014 /* CartItem.swift */; };
		1A2B3C4D5E6F000000000025 /* Decimal+Extensions.swift in Sources */ = {isa = PBXBuildFile; fileRef = 1A2B3C4D5E6F000000000015 /* Decimal+Extensions.swift */; };
		1A2B3C4D5E6F000000000026 /* ProductRow.swift in Sources */ = {isa = PBXBuildFile; fileRef = 1A2B3C4D5E6F000000000016 /* ProductRow.swift */; };
		1A2B3C4D5E6F000000000027 /* CartItemRow.swift in Sources */ = {isa = PBXBuildFile; fileRef = 1A2B3C4D5E6F000000000017 /* CartItemRow.swift */; };
		1A2B3C4D5E6F000000000028 /* CheckoutSummaryView.swift in Sources */ = {isa = PBXBuildFile; fileRef = 1A2B3C4D5E6F000000000018 /* CheckoutSummaryView.swift */; };
		1A2B3C4D5E6F000000000029 /* Preview Assets.xcassets in Resources */ = {isa = PBXBuildFile; fileRef = 1A2B3C4D5E6F000000000019 /* Preview Assets.xcassets */; };
/* End PBXBuildFile section */

/* Begin PBXFileReference section */
		1A2B3C4D5E6F000000000005 /* CashierApp.app */ = {isa = PBXFileReference; explicitFileType = wrapper.application; path = CashierApp.app; sourceTree = BUILT_PRODUCTS_DIR; };
		1A2B3C4D5E6F000000000010 /* CashierAppApp.swift */ = {isa = PBXFileReference; lastKnownFileType = sourcecode.swift; path = CashierAppApp.swift; sourceTree = "<group>"; };
		1A2B3C4D5E6F000000000011 /* ContentView.swift */ = {isa = PBXFileReference; lastKnownFileType = sourcecode.swift; path = ContentView.swift; sourceTree = "<group>"; };
		1A2B3C4D5E6F000000000012 /* Assets.xcassets */ = {isa = PBXFileReference; lastKnownFileType = folder.assetcatalog; path = Assets.xcassets; sourceTree = "<group>"; };
		1A2B3C4D5E6F000000000013 /* Product.swift */ = {isa = PBXFileReference; lastKnownFileType = sourcecode.swift; path = Product.swift; sourceTree = "<group>"; };
		1A2B3C4D5E6F000000000014 /* CartItem.swift */ = {isa = PBXFileReference; lastKnownFileType = sourcecode.swift; path = CartItem.swift; sourceTree = "<group>"; };
		1A2B3C4D5E6F000000000015 /* Decimal+Extensions.swift */ = {isa = PBXFileReference; lastKnownFileType = sourcecode.swift; path = "Decimal+Extensions.swift"; sourceTree = "<group>"; };
		1A2B3C4D5E6F000000000016 /* ProductRow.swift */ = {isa = PBXFileReference; lastKnownFileType = sourcecode.swift; path = ProductRow.swift; sourceTree = "<group>"; };
		1A2B3C4D5E6F000000000017 /* CartItemRow.swift */ = {isa = PBXFileReference; lastKnownFileType = sourcecode.swift; path = CartItemRow.swift; sourceTree = "<group>"; };
		1A2B3C4D5E6F000000000018 /* CheckoutSummaryView.swift */ = {isa = PBXFileReference; lastKnownFileType = sourcecode.swift; path = CheckoutSummaryView.swift; sourceTree = "<group>"; };
		1A2B3C4D5E6F000000000019 /* Preview Assets.xcassets */ = {isa = PBXFileReference; lastKnownFileType = folder.assetcatalog; name = "Preview Assets.xcassets"; path = "Preview Content/Preview Assets.xcassets"; sourceTree = "<group>"; };
/* End PBXFileReference section */

/* Begin PBXGroup section */
		1A2B3C4D5E6F000000000002 = {
			isa = PBXGroup;
			children = (
				1A2B3C4D5E6F000000000030 /* CashierApp */,
				1A2B3C4D5E6F000000000003 /* Products */,
			);
			sourceTree = "<group>";
		};
		1A2B3C4D5E6F000000000003 /* Products */ = {
			isa = PBXGroup;
			children = (
				1A2B3C4D5E6F000000000005 /* CashierApp.app */,
			);
			name = Products;
			sourceTree = "<group>";
		};
		1A2B3C4D5E6F000000000030 /* CashierApp */ = {
			isa = PBXGroup;
			children = (
				1A2B3C4D5E6F000000000010 /* CashierAppApp.swift */,
				1A2B3C4D5E6F000000000011 /* ContentView.swift */,
				1A2B3C4D5E6F000000000031 /* Models */,
				1A2B3C4D5E6F000000000032 /* Views */,
				1A2B3C4D5E6F000000000012 /* Assets.xcassets */,
				1A2B3C4D5E6F000000000019 /* Preview Assets.xcassets */,
			);
			path = CashierApp;
			sourceTree = "<group>";
		};
		1A2B3C4D5E6F000000000031 /* Models */ = {
			isa = PBXGroup;
			children = (
				1A2B3C4D5E6F000000000013 /* Product.swift */,
				1A2B3C4D5E6F000000000014 /* CartItem.swift */,
				1A2B3C4D5E6F000000000015 /* Decimal+Extensions.swift */,
			);
			path = Models;
			sourceTree = "<group>";
		};
		1A2B3C4D5E6F000000000032 /* Views */ = {
			isa = PBXGroup;
			children = (
				1A2B3C4D5E6F000000000016 /* ProductRow.swift */,
				1A2B3C4D5E6F000000000017 /* CartItemRow.swift */,
				1A2B3C4D5E6F000000000018 /* CheckoutSummaryView.swift */,
			);
			path = Views;
			sourceTree = "<group>";
		};
/* End PBXGroup section */

/* Begin PBXNativeTarget section */
		1A2B3C4D5E6F000000000004 /* CashierApp */ = {
			isa = PBXNativeTarget;
			buildConfigurationList = 1A2B3C4D5E6F00000000000A /* Build configuration list for PBXNativeTarget "CashierApp" */;
			buildPhases = (
				1A2B3C4D5E6F000000000006 /* Sources */,
				1A2B3C4D5E6F000000000007 /* Frameworks */,
				1A2B3C4D5E6F000000000008 /* Resources */,
			);
			buildRules = (
			);
			dependencies = (
			);
			name = CashierApp;
			productName = CashierApp;
			productReference = 1A2B3C4D5E6F000000000005 /* CashierApp.app */;
			productType = "com.apple.product-type.application";
		};
/* End PBXNativeTarget section */

/* Begin PBXProject section */
		1A2B3C4D5E6F000000000001 /* Project object */ = {
			isa = PBXProject;
			attributes = {
				BuildIndependentTargetsInParallel = 1;
				LastSwiftUpdateCheck = 1540;
				LastUpgradeCheck = 1540;
				TargetAttributes = {
					1A2B3C4D5E6F000000000004 = {
						CreatedOnToolsVersion = 15.4;
					};
				};
			};
			buildConfigurationList = 1A2B3C4D5E6F000000000009 /* Build configuration list for PBXProject "CashierApp" */;
			compatibilityVersion = "Xcode 15.0";
			developmentRegion = en;
			knownRegions = (
				en,
				Base,
			);
			mainGroup = 1A2B3C4D5E6F000000000002;
			productRefGroup = 1A2B3C4D5E6F000000000003 /* Products */;
			projectDirPath = "";
			projectRoot = "";
			targets = (
				1A2B3C4D5E6F000000000004 /* CashierApp */,
			);
		};
/* End PBXProject section */

/* Begin PBXResourcesBuildPhase section */
		1A2B3C4D5E6F000000000008 /* Resources */ = {
			isa = PBXResourcesBuildPhase;
			buildActionMask = 2147483647;
			files = (
				1A2B3C4D5E6F000000000022 /* Assets.xcassets in Resources */,
				1A2B3C4D5E6F000000000029 /* Preview Assets.xcassets in Resources */,
			);
			runOnlyForDeploymentPostprocessing = 0;
		};
/* End PBXResourcesBuildPhase section */

/* Begin PBXSourcesBuildPhase section */
		1A2B3C4D5E6F000000000006 /* Sources */ = {
			isa = PBXSourcesBuildPhase;
			buildActionMask = 2147483647;
			files = (
				1A2B3C4D5E6F000000000020 /* CashierAppApp.swift in Sources */,
				1A2B3C4D5E6F000000000021 /* ContentView.swift in Sources */,
				1A2B3C4D5E6F000000000023 /* Product.swift in Sources */,
				1A2B3C4D5E6F000000000024 /* CartItem.swift in Sources */,
				1A2B3C4D5E6F000000000025 /* Decimal+Extensions.swift in Sources */,
				1A2B3C4D5E6F000000000026 /* ProductRow.swift in Sources */,
				1A2B3C4D5E6F000000000027 /* CartItemRow.swift in Sources */,
				1A2B3C4D5E6F000000000028 /* CheckoutSummaryView.swift in Sources */,
			);
			runOnlyForDeploymentPostprocessing = 0;
		};
/* End PBXSourcesBuildPhase section */

/* Begin PBXFrameworksBuildPhase section */
		1A2B3C4D5E6F000000000007 /* Frameworks */ = {
			isa = PBXFrameworksBuildPhase;
			buildActionMask = 2147483647;
			files = (
			);
			runOnlyForDeploymentPostprocessing = 0;
		};
/* End PBXFrameworksBuildPhase section */

/* Begin XCBuildConfiguration section */
		1A2B3C4D5E6F00000000000B /* Debug */ = {
			isa = XCBuildConfiguration;
			buildSettings = {
				ALWAYS_SEARCH_USER_PATHS = NO;
				ASSETCATALOG_COMPILER_APPICON_NAME = AppIcon;
				ASSETCATALOG_COMPILER_GLOBAL_ACCENT_COLOR_NAME = AccentColor;
				CLANG_ANALYZER_NONNULL = YES;
				CLANG_ANALYZER_NUMBER_OBJECT_CONVERSION = YES_AGGRESSIVE;
				CLANG_CXX_LANGUAGE_STANDARD = "gnu++20";
				CLANG_ENABLE_MODULES = YES;
				CLANG_ENABLE_OBJC_ARC = YES;
				CLANG_ENABLE_OBJC_WEAK = YES;
				CLANG_WARN_BLOCK_CAPTURE_AUTORELEASING = YES;
				CLANG_WARN_BOOL_CONVERSION = YES;
				CLANG_WARN_COMMA = YES;
				CLANG_WARN_CONSTANT_CONVERSION = YES;
				CLANG_WARN_DEPRECATED_OBJC_IMPLEMENTATIONS = YES;
				CLANG_WARN_DIRECT_OBJC_ISA_USAGE = YES_ERROR;
				CLANG_WARN_DOCUMENTATION_COMMENTS = YES;
				CLANG_WARN_EMPTY_BODY = YES;
				CLANG_WARN_ENUM_CONVERSION = YES;
				CLANG_WARN_INFINITE_RECURSION = YES;
				CLANG_WARN_INT_CONVERSION = YES;
				CLANG_WARN_NON_LITERAL_NULL_CONVERSION = YES;
				CLANG_WARN_OBJC_LITERAL_CONVERSION = YES;
				CLANG_WARN_OBJC_ROOT_CLASS = YES_ERROR;
				CLANG_WARN_QUOTED_INCLUDE_IN_FRAMEWORK_HEADER = YES;
				CLANG_WARN_RANGE_LOOP_ANALYSIS = YES;
				CLANG_WARN_STRICT_PROTOTYPES = YES;
				CLANG_WARN_SUSPICIOUS_MOVE = YES;
				CLANG_WARN_UNGUARDED_AVAILABILITY = YES_AGGRESSIVE;
				CLANG_WARN_UNREACHABLE_CODE = YES;
				CLANG_WARN__DUPLICATE_METHOD_MATCH = YES;
				COPY_PHASE_STRIP = NO;
				CURRENT_PROJECT_VERSION = 1;
				DEBUG_INFORMATION_FORMAT = dwarf;
				DEVELOPMENT_TEAM = "";
				ENABLE_PREVIEWS = YES;
				GENERATE_INFOPLIST_FILE = YES;
				INFOPLIST_FILE = "";
				INFOPLIST_KEY_UIApplicationSceneManifest_Generation = YES;
				INFOPLIST_KEY_UILaunchScreen_Generation = YES;
				IPHONEOS_DEPLOYMENT_TARGET = 17.0;
				LD_RUNPATH_SEARCH_PATHS = (
					"$(inherited)",
					"@executable_path/Frameworks",
				);
				MARKETING_VERSION = 1.0;
				PRODUCT_BUNDLE_IDENTIFIER = com.example.CashierApp;
				PRODUCT_NAME = "$(TARGET_NAME)";
				SWIFT_EMIT_LOC_STRINGS = YES;
				SWIFT_VERSION = 5.0;
				TARGETED_DEVICE_FAMILY = "1,2";
			};
			name = Debug;
		};
		1A2B3C4D5E6F00000000000C /* Release */ = {
			isa = XCBuildConfiguration;
			buildSettings = {
				ALWAYS_SEARCH_USER_PATHS = NO;
				ASSETCATALOG_COMPILER_APPICON_NAME = AppIcon;
				ASSETCATALOG_COMPILER_GLOBAL_ACCENT_COLOR_NAME = AccentColor;
				CLANG_ANALYZER_NONNULL = YES;
				CLANG_ANALYZER_NUMBER_OBJECT_CONVERSION = YES_AGGRESSIVE;
				CLANG_CXX_LANGUAGE_STANDARD = "gnu++20";
				CLANG_ENABLE_MODULES = YES;
				CLANG_ENABLE_OBJC_ARC = YES;
				CLANG_ENABLE_OBJC_WEAK = YES;
				CLANG_WARN_BLOCK_CAPTURE_AUTORELEASING = YES;
				CLANG_WARN_BOOL_CONVERSION = YES;
				CLANG_WARN_COMMA = YES;
				CLANG_WARN_CONSTANT_CONVERSION = YES;
				CLANG_WARN_DEPRECATED_OBJC_IMPLEMENTATIONS = YES;
				CLANG_WARN_DIRECT_OBJC_ISA_USAGE = YES_ERROR;
				CLANG_WARN_DOCUMENTATION_COMMENTS = YES;
				CLANG_WARN_EMPTY_BODY = YES;
				CLANG_WARN_ENUM_CONVERSION = YES;
				CLANG_WARN_INFINITE_RECURSION = YES;
				CLANG_WARN_INT_CONVERSION = YES;
				CLANG_WARN_NON_LITERAL_NULL_CONVERSION = YES;
				CLANG_WARN_OBJC_LITERAL_CONVERSION = YES;
				CLANG_WARN_OBJC_ROOT_CLASS = YES_ERROR;
				CLANG_WARN_QUOTED_INCLUDE_IN_FRAMEWORK_HEADER = YES;
				CLANG_WARN_RANGE_LOOP_ANALYSIS = YES;
				CLANG_WARN_STRICT_PROTOTYPES = YES;
				CLANG_WARN_SUSPICIOUS_MOVE = YES;
				CLANG_WARN_UNGUARDED_AVAILABILITY = YES_AGGRESSIVE;
				CLANG_WARN_UNREACHABLE_CODE = YES;
				CLANG_WARN__DUPLICATE_METHOD_MATCH = YES;
				COPY_PHASE_STRIP = YES;
				CURRENT_PROJECT_VERSION = 1;
				DEBUG_INFORMATION_FORMAT = "dwarf-with-dsym";
				DEVELOPMENT_TEAM = "";
				ENABLE_PREVIEWS = YES;
				GENERATE_INFOPLIST_FILE = YES;
				INFOPLIST_FILE = "";
				INFOPLIST_KEY_UIApplicationSceneManifest_Generation = YES;
				INFOPLIST_KEY_UILaunchScreen_Generation = YES;
				IPHONEOS_DEPLOYMENT_TARGET = 17.0;
				LD_RUNPATH_SEARCH_PATHS = (
					"$(inherited)",
					"@executable_path/Frameworks",
				);
				MARKETING_VERSION = 1.0;
				PRODUCT_BUNDLE_IDENTIFIER = com.example.CashierApp;
				PRODUCT_NAME = "$(TARGET_NAME)";
				SWIFT_EMIT_LOC_STRINGS = YES;
				SWIFT_VERSION = 5.0;
				TARGETED_DEVICE_FAMILY = "1,2";
			};
			name = Release;
		};
		1A2B3C4D5E6F00000000000D /* Debug */ = {
			isa = XCBuildConfiguration;
			buildSettings = {
				CODE_SIGN_STYLE = Automatic;
				CURRENT_PROJECT_VERSION = 1;
				DEVELOPMENT_TEAM = "";
				GENERATE_INFOPLIST_FILE = YES;
				INFOPLIST_FILE = "";
				IPHONEOS_DEPLOYMENT_TARGET = 17.0;
				MARKETING_VERSION = 1.0;
				PRODUCT_BUNDLE_IDENTIFIER = com.example.CashierApp;
				PRODUCT_NAME = "$(TARGET_NAME)";
				SWIFT_VERSION = 5.0;
				TARGETED_DEVICE_FAMILY = "1,2";
			};
			name = Debug;
		};
		1A2B3C4D5E6F00000000000E /* Release */ = {
			isa = XCBuildConfiguration;
			buildSettings = {
				CODE_SIGN_STYLE = Automatic;
				CURRENT_PROJECT_VERSION = 1;
				DEVELOPMENT_TEAM = "";
				GENERATE_INFOPLIST_FILE = YES;
				INFOPLIST_FILE = "";
				IPHONEOS_DEPLOYMENT_TARGET = 17.0;
				MARKETING_VERSION = 1.0;
				PRODUCT_BUNDLE_IDENTIFIER = com.example.CashierApp;
				PRODUCT_NAME = "$(TARGET_NAME)";
				SWIFT_VERSION = 5.0;
				TARGETED_DEVICE_FAMILY = "1,2";
			};
			name = Release;
		};
/* End XCBuildConfiguration section */

/* Begin XCConfigurationList section */
		1A2B3C4D5E6F000000000009 /* Build configuration list for PBXProject "CashierApp" */ = {
			isa = XCConfigurationList;
			buildConfigurations = (
				1A2B3C4D5E6F00000000000B /* Debug */,
				1A2B3C4D5E6F00000000000C /* Release */,
			);
			defaultConfigurationIsVisible = 0;
			defaultConfigurationName = Release;
		};
		1A2B3C4D5E6F00000000000A /* Build configuration list for PBXNativeTarget "CashierApp" */ = {
			isa = XCConfigurationList;
			buildConfigurations = (
				1A2B3C4D5E6F00000000000D /* Debug */,
				1A2B3C4D5E6F00000000000E /* Release */,
			);
			defaultConfigurationIsVisible = 0;
			defaultConfigurationName = Release;
		};
/* End XCConfigurationList section */
	};
	rootObject = 1A2B3C4D5E6F000000000001 /* Project object */;
}
